
Microsoft Visual Studio Solution File, Format Version 12.00
# Visual Studio 2013
VisualStudioVersion = 12.0.40629.0
MinimumVisualStudioVersion = 10.0.40219.1
Project("{FAE04EC0-301F-11D3-BF4B-00C04F79EFBC}") = "DataBooster.DbWebApi.Net40", "Server\DataBooster.DbWebApi\DataBooster.DbWebApi.Net40.csproj", "{37F01AC2-C486-4E32-838C-E0F23BE16B5A}"
EndProject
Project("{2150E333-8FDC-42A3-9474-1A3956D46DE8}") = ".nuget", ".nuget", "{847A6985-BA61-4CE6-8085-322035D9014F}"
	ProjectSection(SolutionItems) = preProject
		.nuget\NuGet.Config = .nuget\NuGet.Config
		.nuget\NuGet.exe = .nuget\NuGet.exe
		.nuget\NuGet.targets = .nuget\NuGet.targets
		.nuget\packages.config = .nuget\packages.config
	EndProjectSection
EndProject
Project("{2150E333-8FDC-42A3-9474-1A3956D46DE8}") = "NuGet", "NuGet", "{8E71CF07-E755-4A97-A0A2-21DF211FB979}"
	ProjectSection(SolutionItems) = preProject
		Server\NuGet\Merge-All.bat = Server\NuGet\Merge-All.bat
		Server\NuGet\Pack-All.bat = Server\NuGet\Pack-All.bat
		Server\NuGet\Pack-Oracle-DataDirect.bat = Server\NuGet\Pack-Oracle-DataDirect.bat
		Server\NuGet\Pack-Oracle-ODP.NET.bat = Server\NuGet\Pack-Oracle-ODP.NET.bat
		Server\NuGet\Pack-Oracle-ODP.NET.Managed.bat = Server\NuGet\Pack-Oracle-ODP.NET.Managed.bat
		Server\NuGet\Pack-SqlServer.bat = Server\NuGet\Pack-SqlServer.bat
		Server\NuGet\Publish-All.bat = Server\NuGet\Publish-All.bat
		Server\NuGet\Push-All.bat = Server\NuGet\Push-All.bat
	EndProjectSection
EndProject
Project("{2150E333-8FDC-42A3-9474-1A3956D46DE8}") = "nupkg", "nupkg", "{CF8B7765-4D48-4A92-84A8-CEBBB0ED3056}"
	ProjectSection(SolutionItems) = preProject
		Server\NuGet\nupkg\NuGet Command-Line.htm = Server\NuGet\nupkg\NuGet Command-Line.htm
	EndProjectSection
EndProject
Project("{2150E333-8FDC-42A3-9474-1A3956D46DE8}") = "SqlServer", "SqlServer", "{0D7D6AD8-7B24-4314-AAD5-F4D6E80538F8}"
	ProjectSection(SolutionItems) = preProject
		Server\NuGet\SqlServer\DataBooster.DbWebApi.nuspec = Server\NuGet\SqlServer\DataBooster.DbWebApi.nuspec
		Server\NuGet\SqlServer\Web.config.install.xdt = Server\NuGet\SqlServer\Web.config.install.xdt
		Server\NuGet\SqlServer\Web.config.transform = Server\NuGet\SqlServer\Web.config.transform
		Server\NuGet\SqlServer\Web.config.uninstall.xdt = Server\NuGet\SqlServer\Web.config.uninstall.xdt
	EndProjectSection
EndProject
Project("{2150E333-8FDC-42A3-9474-1A3956D46DE8}") = "Oracle", "Oracle", "{798E5725-AA6A-4AFB-A752-EEF6044C36C7}"
EndProject
Project("{2150E333-8FDC-42A3-9474-1A3956D46DE8}") = "ODP.NET", "ODP.NET", "{9FBDE107-F2BF-4527-BA3E-1D9468B5F54D}"
	ProjectSection(SolutionItems) = preProject
		Server\NuGet\Oracle\ODP.NET\DataBooster.DbWebApi.nuspec = Server\NuGet\Oracle\ODP.NET\DataBooster.DbWebApi.nuspec
		Server\NuGet\Oracle\ODP.NET\Web.config.install.xdt = Server\NuGet\Oracle\ODP.NET\Web.config.install.xdt
		Server\NuGet\Oracle\ODP.NET\Web.config.uninstall.xdt = Server\NuGet\Oracle\ODP.NET\Web.config.uninstall.xdt
	EndProjectSection
EndProject
Project("{2150E333-8FDC-42A3-9474-1A3956D46DE8}") = "DataDirect", "DataDirect", "{A172D239-9E04-46AF-9243-1D8FE49F19B1}"
	ProjectSection(SolutionItems) = preProject
		Server\NuGet\Oracle\DataDirect\DataBooster.DbWebApi.nuspec = Server\NuGet\Oracle\DataDirect\DataBooster.DbWebApi.nuspec
		Server\NuGet\Oracle\DataDirect\Web.config.install.xdt = Server\NuGet\Oracle\DataDirect\Web.config.install.xdt
		Server\NuGet\Oracle\DataDirect\Web.config.uninstall.xdt = Server\NuGet\Oracle\DataDirect\Web.config.uninstall.xdt
	EndProjectSection
EndProject
Project("{2150E333-8FDC-42A3-9474-1A3956D46DE8}") = "ODP.NET.Managed", "ODP.NET.Managed", "{BF0DF6B6-CBEC-4FB0-88F5-B7BC4327968B}"
	ProjectSection(SolutionItems) = preProject
		Server\NuGet\Oracle\ODP.NET.Managed\DataBooster.DbWebApi.nuspec = Server\NuGet\Oracle\ODP.NET.Managed\DataBooster.DbWebApi.nuspec
		Server\NuGet\Oracle\ODP.NET.Managed\Web.config.install.xdt = Server\NuGet\Oracle\ODP.NET.Managed\Web.config.install.xdt
		Server\NuGet\Oracle\ODP.NET.Managed\Web.config.uninstall.xdt = Server\NuGet\Oracle\ODP.NET.Managed\Web.config.uninstall.xdt
	EndProjectSection
EndProject
Project("{FAE04EC0-301F-11D3-BF4B-00C04F79EFBC}") = "MyDbWebApi.Net40", "Server\Sample\MyDbWebApi.Net40\MyDbWebApi.Net40.csproj", "{1C81D605-AADC-4EDE-B99C-60E544105118}"
EndProject
Project("{2150E333-8FDC-42A3-9474-1A3956D46DE8}") = "Client", "Client", "{6B2094D1-99E1-4AEB-AFF5-7636BFF5D927}"
EndProject
Project("{2150E333-8FDC-42A3-9474-1A3956D46DE8}") = "Net", "Net", "{9C621537-BFDD-4F0C-9308-925AE75320EC}"
EndProject
Project("{FAE04EC0-301F-11D3-BF4B-00C04F79EFBC}") = "DataBooster.DbWebApi.Client.Net40", "Client\Net\DataBooster.DbWebApi.Client\DataBooster.DbWebApi.Client.Net40.csproj", "{C1678E26-1AD3-4AAC-B1C2-BF0D02CBA219}"
EndProject
Project("{2150E333-8FDC-42A3-9474-1A3956D46DE8}") = "nupkg", "nupkg", "{2524A6C9-0B54-4334-9817-86CE3FFB5271}"
	ProjectSection(SolutionItems) = preProject
		Client\Net\DataBooster.DbWebApi.Client\DataBooster.DbWebApi.Client.nuspec = Client\Net\DataBooster.DbWebApi.Client\DataBooster.DbWebApi.Client.nuspec
		Client\Net\nupkg\Pack-Client.Net.bat = Client\Net\nupkg\Pack-Client.Net.bat
		Client\Net\nupkg\Publish-Client.Net.bat = Client\Net\nupkg\Publish-Client.Net.bat
	EndProjectSection
EndProject
Project("{2150E333-8FDC-42A3-9474-1A3956D46DE8}") = "Js", "Js", "{AE635240-4E33-4EEC-B2B5-EEA0CCD42D15}"
EndProject
Project("{2150E333-8FDC-42A3-9474-1A3956D46DE8}") = "src", "src", "{85B148EC-10C1-4109-9072-BEA4F698E9EF}"
	ProjectSection(SolutionItems) = preProject
		Client\Js\src\dbwebapi-client.js = Client\Js\src\dbwebapi-client.js
	EndProjectSection
EndProject
Project("{2150E333-8FDC-42A3-9474-1A3956D46DE8}") = "nupkg", "nupkg", "{2D4600AA-6985-4B27-A317-6757BC0298F1}"
	ProjectSection(SolutionItems) = preProject
		Client\Js\nupkg\DataBooster.DbWebApi.Client.JS.nuspec = Client\Js\nupkg\DataBooster.DbWebApi.Client.JS.nuspec
		Client\Js\nupkg\Pack-Client.JS.bat = Client\Js\nupkg\Pack-Client.JS.bat
	EndProjectSection
EndProject
Project("{2150E333-8FDC-42A3-9474-1A3956D46DE8}") = "PowerShell", "PowerShell", "{C218CFD1-D316-4F03-B0BD-202773280E72}"
EndProject
Project("{2150E333-8FDC-42A3-9474-1A3956D46DE8}") = "Server", "Server", "{5C2E67DA-7A8C-46A2-987C-0FF4A99BA6DA}"
EndProject
Project("{2150E333-8FDC-42A3-9474-1A3956D46DE8}") = "Sample", "Sample", "{8140A7E2-B0C7-4FB1-9960-C3C42EF8609A}"
EndProject
Project("{FAE04EC0-301F-11D3-BF4B-00C04F79EFBC}") = "DataBooster.DbWebApi", "Server\DataBooster.DbWebApi\DataBooster.DbWebApi.csproj", "{D31D5DAC-53D8-4F02-8F99-4624F7F80DBB}"
	ProjectSection(ProjectDependencies) = postProject
		{37F01AC2-C486-4E32-838C-E0F23BE16B5A} = {37F01AC2-C486-4E32-838C-E0F23BE16B5A}
	EndProjectSection
EndProject
Project("{FAE04EC0-301F-11D3-BF4B-00C04F79EFBC}") = "DataBooster.DbWebApi.Client", "Client\Net\DataBooster.DbWebApi.Client\DataBooster.DbWebApi.Client.csproj", "{B56E3B90-AEAB-4719-A12A-71AB3FB991CA}"
	ProjectSection(ProjectDependencies) = postProject
		{C1678E26-1AD3-4AAC-B1C2-BF0D02CBA219} = {C1678E26-1AD3-4AAC-B1C2-BF0D02CBA219}
	EndProjectSection
EndProject
Project("{FAE04EC0-301F-11D3-BF4B-00C04F79EFBC}") = "MyDbWebApi", "Server\Sample\MyDbWebApi\MyDbWebApi.csproj", "{065C5D3C-7DF3-43C8-BDBA-1896953171FE}"
EndProject
Project("{2150E333-8FDC-42A3-9474-1A3956D46DE8}") = "Net40", "Net40", "{727E5007-8D52-483C-BB86-3B3BDC98BC2B}"
EndProject
Project("{2150E333-8FDC-42A3-9474-1A3956D46DE8}") = "Net45", "Net45", "{B4F65814-CEF5-4A23-8FBF-55C62518BFFF}"
EndProject
Project("{2150E333-8FDC-42A3-9474-1A3956D46DE8}") = "SqlServer", "SqlServer", "{EF53CF32-42A0-43C5-988E-085FF10E0B45}"
EndProject
Project("{2150E333-8FDC-42A3-9474-1A3956D46DE8}") = "Oracle", "Oracle", "{B72B7F62-30F3-4555-BAF1-C20510F9B4C4}"
EndProject
Project("{2150E333-8FDC-42A3-9474-1A3956D46DE8}") = "ODP.NET.Managed", "ODP.NET.Managed", "{70F33820-3A16-4DD5-987C-F4DA2588B561}"
EndProject
Project("{2150E333-8FDC-42A3-9474-1A3956D46DE8}") = "ODP.NET.Unmanaged", "ODP.NET.Unmanaged", "{D84BB921-B1ED-446B-BF28-B3C254A15F05}"
EndProject
Project("{2150E333-8FDC-42A3-9474-1A3956D46DE8}") = "DataDirect", "DataDirect", "{58A37612-ADF5-4E5A-B918-7DF167CA3BEC}"
EndProject
Project("{2150E333-8FDC-42A3-9474-1A3956D46DE8}") = "SqlServer", "SqlServer", "{0488E9A0-A4C0-4CF6-AC7E-CB827D357067}"
EndProject
Project("{2150E333-8FDC-42A3-9474-1A3956D46DE8}") = "Oracle", "Oracle", "{2C30A334-0BF7-42F4-84F7-85A6C2DCACB9}"
EndProject
Project("{2150E333-8FDC-42A3-9474-1A3956D46DE8}") = "ODP.NET.Managed", "ODP.NET.Managed", "{BE7093B7-F106-4DF7-885F-6DE425D11470}"
EndProject
Project("{2150E333-8FDC-42A3-9474-1A3956D46DE8}") = "ODP.NET.Unmanaged", "ODP.NET.Unmanaged", "{29CBA70B-4DC7-4536-8E9E-1C7A31D88813}"
EndProject
Project("{2150E333-8FDC-42A3-9474-1A3956D46DE8}") = "DataDirect", "DataDirect", "{6BDAAD98-560F-48FB-A7C8-43CF9E390D41}"
EndProject
Project("{FAE04EC0-301F-11D3-BF4B-00C04F79EFBC}") = "MyDbWebApi.Oracle.Managed", "Server\Sample\MyDbWebApi\MyDbWebApi.Oracle.Managed.csproj", "{B6CD248D-B5F9-4EF2-BD6A-5DD30FA60623}"
EndProject
Project("{FAE04EC0-301F-11D3-BF4B-00C04F79EFBC}") = "MyDbWebApi.Oracle.ODP", "Server\Sample\MyDbWebApi\MyDbWebApi.Oracle.ODP.csproj", "{CD9FEE31-D073-438E-9283-858CEA7CA6A8}"
EndProject
Project("{FAE04EC0-301F-11D3-BF4B-00C04F79EFBC}") = "MyDbWebApi.Oracle.DataDirect", "Server\Sample\MyDbWebApi\MyDbWebApi.Oracle.DataDirect.csproj", "{BFA88850-04B8-4470-9F75-91225BBE07A8}"
EndProject
Project("{FAE04EC0-301F-11D3-BF4B-00C04F79EFBC}") = "MyDbWebApi.Net40.Oracle.Managed", "Server\Sample\MyDbWebApi.Net40\MyDbWebApi.Net40.Oracle.Managed.csproj", "{FC56B202-B21F-4F0D-9AA9-E87CC7A69841}"
EndProject
Project("{FAE04EC0-301F-11D3-BF4B-00C04F79EFBC}") = "MyDbWebApi.Net40.Oracle.ODP", "Server\Sample\MyDbWebApi.Net40\MyDbWebApi.Net40.Oracle.ODP.csproj", "{CC9B3B90-EA46-4460-A3B4-D4275F84E98B}"
EndProject
Project("{FAE04EC0-301F-11D3-BF4B-00C04F79EFBC}") = "MyDbWebApi.Net40.Oracle.DataDirect", "Server\Sample\MyDbWebApi.Net40\MyDbWebApi.Net40.Oracle.DataDirect.csproj", "{60EF0A6C-06BE-4C20-BDCF-E166652AE5FE}"
EndProject
Project("{2150E333-8FDC-42A3-9474-1A3956D46DE8}") = "Libraries", "Libraries", "{53479D53-D6F6-428A-91F3-109079ABF914}"
EndProject
Project("{2150E333-8FDC-42A3-9474-1A3956D46DE8}") = "Net40", "Net40", "{C76486D4-679C-4594-BFB5-6A011132DC20}"
EndProject
Project("{2150E333-8FDC-42A3-9474-1A3956D46DE8}") = "Net45", "Net45", "{7C091B00-CCB0-4DE9-8B98-088417238E8B}"
EndProject
Project("{2150E333-8FDC-42A3-9474-1A3956D46DE8}") = "SqlServer", "SqlServer", "{28BC1BD3-032D-448D-870B-247636218185}"
EndProject
Project("{2150E333-8FDC-42A3-9474-1A3956D46DE8}") = "SqlServer", "SqlServer", "{077B2EA0-EF71-4B00-8A75-16335A8EF31C}"
EndProject
Project("{2150E333-8FDC-42A3-9474-1A3956D46DE8}") = "Oracle", "Oracle", "{1C41E8F8-F386-4A6C-9BFD-DE247CB1AD5E}"
EndProject
Project("{2150E333-8FDC-42A3-9474-1A3956D46DE8}") = "Oracle", "Oracle", "{66A8892C-C66F-4864-9D9C-EF547647D5F5}"
EndProject
Project("{2150E333-8FDC-42A3-9474-1A3956D46DE8}") = "ODP.NET.Managed", "ODP.NET.Managed", "{FF575B31-38A9-4F97-A305-F8074E500E0F}"
EndProject
Project("{2150E333-8FDC-42A3-9474-1A3956D46DE8}") = "ODP.NET.Managed", "ODP.NET.Managed", "{55929138-F0E4-4621-AF85-EBF13315B92A}"
EndProject
Project("{2150E333-8FDC-42A3-9474-1A3956D46DE8}") = "ODP.NET.Unmanaged", "ODP.NET.Unmanaged", "{701AAB44-8CF5-47AB-9734-8C9EE33A8A25}"
EndProject
Project("{2150E333-8FDC-42A3-9474-1A3956D46DE8}") = "ODP.NET.Unmanaged", "ODP.NET.Unmanaged", "{CF8C5EA8-BE23-4E18-A2D6-9B8CF8075A46}"
EndProject
Project("{2150E333-8FDC-42A3-9474-1A3956D46DE8}") = "DataDirect", "DataDirect", "{80D802F1-A68D-48AE-85AD-475406C98324}"
EndProject
Project("{2150E333-8FDC-42A3-9474-1A3956D46DE8}") = "DataDirect", "DataDirect", "{DD85CDC2-CCCE-4562-A224-D3CD0F7EAE03}"
EndProject
Project("{FAE04EC0-301F-11D3-BF4B-00C04F79EFBC}") = "DataBooster.DbWebApi.Oracle.ODP", "Server\DataBooster.DbWebApi\DataBooster.DbWebApi.Oracle.ODP.csproj", "{3F51077C-F66F-49A6-BB8E-F08231F811AA}"
	ProjectSection(ProjectDependencies) = postProject
		{92A26689-0E7E-491B-AFB5-A5822EA3D222} = {92A26689-0E7E-491B-AFB5-A5822EA3D222}
	EndProjectSection
EndProject
Project("{FAE04EC0-301F-11D3-BF4B-00C04F79EFBC}") = "DataBooster.DbWebApi.Oracle.Managed", "Server\DataBooster.DbWebApi\DataBooster.DbWebApi.Oracle.Managed.csproj", "{E6A9029F-E2C1-4AC4-BE5D-ACE462916BEE}"
	ProjectSection(ProjectDependencies) = postProject
		{ACCCC9C3-E51B-4D8F-9D00-874B03571307} = {ACCCC9C3-E51B-4D8F-9D00-874B03571307}
	EndProjectSection
EndProject
Project("{FAE04EC0-301F-11D3-BF4B-00C04F79EFBC}") = "DataBooster.DbWebApi.Oracle.DataDirect", "Server\DataBooster.DbWebApi\DataBooster.DbWebApi.Oracle.DataDirect.csproj", "{C7A1E383-1E87-4931-85F3-C038F7B5A130}"
	ProjectSection(ProjectDependencies) = postProject
		{98988797-44E4-4F7E-B717-12D215006AA8} = {98988797-44E4-4F7E-B717-12D215006AA8}
	EndProjectSection
EndProject
Project("{FAE04EC0-301F-11D3-BF4B-00C04F79EFBC}") = "DataBooster.DbWebApi.Net40.Oracle.Managed", "Server\DataBooster.DbWebApi\DataBooster.DbWebApi.Net40.Oracle.Managed.csproj", "{ACCCC9C3-E51B-4D8F-9D00-874B03571307}"
EndProject
Project("{FAE04EC0-301F-11D3-BF4B-00C04F79EFBC}") = "DataBooster.DbWebApi.Net40.Oracle.ODP", "Server\DataBooster.DbWebApi\DataBooster.DbWebApi.Net40.Oracle.ODP.csproj", "{92A26689-0E7E-491B-AFB5-A5822EA3D222}"
EndProject
Project("{FAE04EC0-301F-11D3-BF4B-00C04F79EFBC}") = "DataBooster.DbWebApi.Net40.Oracle.DataDirect", "Server\DataBooster.DbWebApi\DataBooster.DbWebApi.Net40.Oracle.DataDirect.csproj", "{98988797-44E4-4F7E-B717-12D215006AA8}"
EndProject
Project("{F5034706-568F-408A-B7B3-4D38C6DB8A32}") = "ClientModule", "Client\PowerShell\ClientModule\ClientModule.pssproj", "{6CAFC0C6-A428-4D30-A9F9-700E829FEA51}"
EndProject
Global
	GlobalSection(SolutionConfigurationPlatforms) = preSolution
		Debug|Any CPU = Debug|Any CPU
		Release|Any CPU = Release|Any CPU
	EndGlobalSection
	GlobalSection(ProjectConfigurationPlatforms) = postSolution
		{37F01AC2-C486-4E32-838C-E0F23BE16B5A}.Debug|Any CPU.ActiveCfg = Debug|Any CPU
		{37F01AC2-C486-4E32-838C-E0F23BE16B5A}.Debug|Any CPU.Build.0 = Debug|Any CPU
		{37F01AC2-C486-4E32-838C-E0F23BE16B5A}.Release|Any CPU.ActiveCfg = Release|Any CPU
		{37F01AC2-C486-4E32-838C-E0F23BE16B5A}.Release|Any CPU.Build.0 = Release|Any CPU
		{1C81D605-AADC-4EDE-B99C-60E544105118}.Debug|Any CPU.ActiveCfg = Debug|Any CPU
		{1C81D605-AADC-4EDE-B99C-60E544105118}.Debug|Any CPU.Build.0 = Debug|Any CPU
		{1C81D605-AADC-4EDE-B99C-60E544105118}.Release|Any CPU.ActiveCfg = Release|Any CPU
		{1C81D605-AADC-4EDE-B99C-60E544105118}.Release|Any CPU.Build.0 = Release|Any CPU
		{C1678E26-1AD3-4AAC-B1C2-BF0D02CBA219}.Debug|Any CPU.ActiveCfg = Debug|Any CPU
		{C1678E26-1AD3-4AAC-B1C2-BF0D02CBA219}.Debug|Any CPU.Build.0 = Debug|Any CPU
		{C1678E26-1AD3-4AAC-B1C2-BF0D02CBA219}.Release|Any CPU.ActiveCfg = Release|Any CPU
		{C1678E26-1AD3-4AAC-B1C2-BF0D02CBA219}.Release|Any CPU.Build.0 = Release|Any CPU
		{D31D5DAC-53D8-4F02-8F99-4624F7F80DBB}.Debug|Any CPU.ActiveCfg = Debug|Any CPU
		{D31D5DAC-53D8-4F02-8F99-4624F7F80DBB}.Debug|Any CPU.Build.0 = Debug|Any CPU
		{D31D5DAC-53D8-4F02-8F99-4624F7F80DBB}.Release|Any CPU.ActiveCfg = Release|Any CPU
		{D31D5DAC-53D8-4F02-8F99-4624F7F80DBB}.Release|Any CPU.Build.0 = Release|Any CPU
		{B56E3B90-AEAB-4719-A12A-71AB3FB991CA}.Debug|Any CPU.ActiveCfg = Debug|Any CPU
		{B56E3B90-AEAB-4719-A12A-71AB3FB991CA}.Debug|Any CPU.Build.0 = Debug|Any CPU
		{B56E3B90-AEAB-4719-A12A-71AB3FB991CA}.Release|Any CPU.ActiveCfg = Release|Any CPU
		{B56E3B90-AEAB-4719-A12A-71AB3FB991CA}.Release|Any CPU.Build.0 = Release|Any CPU
		{065C5D3C-7DF3-43C8-BDBA-1896953171FE}.Debug|Any CPU.ActiveCfg = Debug|Any CPU
		{065C5D3C-7DF3-43C8-BDBA-1896953171FE}.Debug|Any CPU.Build.0 = Debug|Any CPU
		{065C5D3C-7DF3-43C8-BDBA-1896953171FE}.Release|Any CPU.ActiveCfg = Release|Any CPU
		{065C5D3C-7DF3-43C8-BDBA-1896953171FE}.Release|Any CPU.Build.0 = Release|Any CPU
		{B6CD248D-B5F9-4EF2-BD6A-5DD30FA60623}.Debug|Any CPU.ActiveCfg = Debug|Any CPU
		{B6CD248D-B5F9-4EF2-BD6A-5DD30FA60623}.Debug|Any CPU.Build.0 = Debug|Any CPU
		{B6CD248D-B5F9-4EF2-BD6A-5DD30FA60623}.Release|Any CPU.ActiveCfg = Release|Any CPU
		{B6CD248D-B5F9-4EF2-BD6A-5DD30FA60623}.Release|Any CPU.Build.0 = Release|Any CPU
		{CD9FEE31-D073-438E-9283-858CEA7CA6A8}.Debug|Any CPU.ActiveCfg = Debug|Any CPU
		{CD9FEE31-D073-438E-9283-858CEA7CA6A8}.Debug|Any CPU.Build.0 = Debug|Any CPU
		{CD9FEE31-D073-438E-9283-858CEA7CA6A8}.Release|Any CPU.ActiveCfg = Release|Any CPU
		{CD9FEE31-D073-438E-9283-858CEA7CA6A8}.Release|Any CPU.Build.0 = Release|Any CPU
		{BFA88850-04B8-4470-9F75-91225BBE07A8}.Debug|Any CPU.ActiveCfg = Debug|Any CPU
		{BFA88850-04B8-4470-9F75-91225BBE07A8}.Debug|Any CPU.Build.0 = Debug|Any CPU
		{BFA88850-04B8-4470-9F75-91225BBE07A8}.Release|Any CPU.ActiveCfg = Release|Any CPU
		{BFA88850-04B8-4470-9F75-91225BBE07A8}.Release|Any CPU.Build.0 = Release|Any CPU
		{FC56B202-B21F-4F0D-9AA9-E87CC7A69841}.Debug|Any CPU.ActiveCfg = Debug|Any CPU
		{FC56B202-B21F-4F0D-9AA9-E87CC7A69841}.Debug|Any CPU.Build.0 = Debug|Any CPU
		{FC56B202-B21F-4F0D-9AA9-E87CC7A69841}.Release|Any CPU.ActiveCfg = Release|Any CPU
		{FC56B202-B21F-4F0D-9AA9-E87CC7A69841}.Release|Any CPU.Build.0 = Release|Any CPU
		{CC9B3B90-EA46-4460-A3B4-D4275F84E98B}.Debug|Any CPU.ActiveCfg = Debug|Any CPU
		{CC9B3B90-EA46-4460-A3B4-D4275F84E98B}.Debug|Any CPU.Build.0 = Debug|Any CPU
		{CC9B3B90-EA46-4460-A3B4-D4275F84E98B}.Release|Any CPU.ActiveCfg = Release|Any CPU
		{CC9B3B90-EA46-4460-A3B4-D4275F84E98B}.Release|Any CPU.Build.0 = Release|Any CPU
		{60EF0A6C-06BE-4C20-BDCF-E166652AE5FE}.Debug|Any CPU.ActiveCfg = Debug|Any CPU
		{60EF0A6C-06BE-4C20-BDCF-E166652AE5FE}.Debug|Any CPU.Build.0 = Debug|Any CPU
		{60EF0A6C-06BE-4C20-BDCF-E166652AE5FE}.Release|Any CPU.ActiveCfg = Release|Any CPU
		{60EF0A6C-06BE-4C20-BDCF-E166652AE5FE}.Release|Any CPU.Build.0 = Release|Any CPU
		{3F51077C-F66F-49A6-BB8E-F08231F811AA}.Debug|Any CPU.ActiveCfg = Debug|Any CPU
		{3F51077C-F66F-49A6-BB8E-F08231F811AA}.Debug|Any CPU.Build.0 = Debug|Any CPU
		{3F51077C-F66F-49A6-BB8E-F08231F811AA}.Release|Any CPU.ActiveCfg = Release|Any CPU
		{3F51077C-F66F-49A6-BB8E-F08231F811AA}.Release|Any CPU.Build.0 = Release|Any CPU
		{E6A9029F-E2C1-4AC4-BE5D-ACE462916BEE}.Debug|Any CPU.ActiveCfg = Debug|Any CPU
		{E6A9029F-E2C1-4AC4-BE5D-ACE462916BEE}.Debug|Any CPU.Build.0 = Debug|Any CPU
		{E6A9029F-E2C1-4AC4-BE5D-ACE462916BEE}.Release|Any CPU.ActiveCfg = Release|Any CPU
		{E6A9029F-E2C1-4AC4-BE5D-ACE462916BEE}.Release|Any CPU.Build.0 = Release|Any CPU
		{C7A1E383-1E87-4931-85F3-C038F7B5A130}.Debug|Any CPU.ActiveCfg = Debug|Any CPU
		{C7A1E383-1E87-4931-85F3-C038F7B5A130}.Debug|Any CPU.Build.0 = Debug|Any CPU
		{C7A1E383-1E87-4931-85F3-C038F7B5A130}.Release|Any CPU.ActiveCfg = Release|Any CPU
		{C7A1E383-1E87-4931-85F3-C038F7B5A130}.Release|Any CPU.Build.0 = Release|Any CPU
		{ACCCC9C3-E51B-4D8F-9D00-874B03571307}.Debug|Any CPU.ActiveCfg = Debug|Any CPU
		{ACCCC9C3-E51B-4D8F-9D00-874B03571307}.Debug|Any CPU.Build.0 = Debug|Any CPU
		{ACCCC9C3-E51B-4D8F-9D00-874B03571307}.Release|Any CPU.ActiveCfg = Release|Any CPU
		{ACCCC9C3-E51B-4D8F-9D00-874B03571307}.Release|Any CPU.Build.0 = Release|Any CPU
		{92A26689-0E7E-491B-AFB5-A5822EA3D222}.Debug|Any CPU.ActiveCfg = Debug|Any CPU
		{92A26689-0E7E-491B-AFB5-A5822EA3D222}.Debug|Any CPU.Build.0 = Debug|Any CPU
		{92A26689-0E7E-491B-AFB5-A5822EA3D222}.Release|Any CPU.ActiveCfg = Release|Any CPU
		{92A26689-0E7E-491B-AFB5-A5822EA3D222}.Release|Any CPU.Build.0 = Release|Any CPU
		{98988797-44E4-4F7E-B717-12D215006AA8}.Debug|Any CPU.ActiveCfg = Debug|Any CPU
		{98988797-44E4-4F7E-B717-12D215006AA8}.Debug|Any CPU.Build.0 = Debug|Any CPU
		{98988797-44E4-4F7E-B717-12D215006AA8}.Release|Any CPU.ActiveCfg = Release|Any CPU
		{98988797-44E4-4F7E-B717-12D215006AA8}.Release|Any CPU.Build.0 = Release|Any CPU
		{6CAFC0C6-A428-4D30-A9F9-700E829FEA51}.Debug|Any CPU.ActiveCfg = Debug|Any CPU
		{6CAFC0C6-A428-4D30-A9F9-700E829FEA51}.Debug|Any CPU.Build.0 = Debug|Any CPU
		{6CAFC0C6-A428-4D30-A9F9-700E829FEA51}.Release|Any CPU.ActiveCfg = Release|Any CPU
		{6CAFC0C6-A428-4D30-A9F9-700E829FEA51}.Release|Any CPU.Build.0 = Release|Any CPU
	EndGlobalSection
	GlobalSection(SolutionProperties) = preSolution
		HideSolutionNode = FALSE
	EndGlobalSection
	GlobalSection(NestedProjects) = preSolution
		{37F01AC2-C486-4E32-838C-E0F23BE16B5A} = {077B2EA0-EF71-4B00-8A75-16335A8EF31C}
		{8E71CF07-E755-4A97-A0A2-21DF211FB979} = {5C2E67DA-7A8C-46A2-987C-0FF4A99BA6DA}
		{CF8B7765-4D48-4A92-84A8-CEBBB0ED3056} = {8E71CF07-E755-4A97-A0A2-21DF211FB979}
		{0D7D6AD8-7B24-4314-AAD5-F4D6E80538F8} = {8E71CF07-E755-4A97-A0A2-21DF211FB979}
		{798E5725-AA6A-4AFB-A752-EEF6044C36C7} = {8E71CF07-E755-4A97-A0A2-21DF211FB979}
		{9FBDE107-F2BF-4527-BA3E-1D9468B5F54D} = {798E5725-AA6A-4AFB-A752-EEF6044C36C7}
		{A172D239-9E04-46AF-9243-1D8FE49F19B1} = {798E5725-AA6A-4AFB-A752-EEF6044C36C7}
		{BF0DF6B6-CBEC-4FB0-88F5-B7BC4327968B} = {798E5725-AA6A-4AFB-A752-EEF6044C36C7}
		{1C81D605-AADC-4EDE-B99C-60E544105118} = {0488E9A0-A4C0-4CF6-AC7E-CB827D357067}
		{9C621537-BFDD-4F0C-9308-925AE75320EC} = {6B2094D1-99E1-4AEB-AFF5-7636BFF5D927}
		{C1678E26-1AD3-4AAC-B1C2-BF0D02CBA219} = {9C621537-BFDD-4F0C-9308-925AE75320EC}
		{2524A6C9-0B54-4334-9817-86CE3FFB5271} = {9C621537-BFDD-4F0C-9308-925AE75320EC}
		{AE635240-4E33-4EEC-B2B5-EEA0CCD42D15} = {6B2094D1-99E1-4AEB-AFF5-7636BFF5D927}
		{85B148EC-10C1-4109-9072-BEA4F698E9EF} = {AE635240-4E33-4EEC-B2B5-EEA0CCD42D15}
		{2D4600AA-6985-4B27-A317-6757BC0298F1} = {AE635240-4E33-4EEC-B2B5-EEA0CCD42D15}
		{C218CFD1-D316-4F03-B0BD-202773280E72} = {6B2094D1-99E1-4AEB-AFF5-7636BFF5D927}
		{8140A7E2-B0C7-4FB1-9960-C3C42EF8609A} = {5C2E67DA-7A8C-46A2-987C-0FF4A99BA6DA}
		{D31D5DAC-53D8-4F02-8F99-4624F7F80DBB} = {28BC1BD3-032D-448D-870B-247636218185}
		{B56E3B90-AEAB-4719-A12A-71AB3FB991CA} = {9C621537-BFDD-4F0C-9308-925AE75320EC}
		{065C5D3C-7DF3-43C8-BDBA-1896953171FE} = {EF53CF32-42A0-43C5-988E-085FF10E0B45}
		{727E5007-8D52-483C-BB86-3B3BDC98BC2B} = {8140A7E2-B0C7-4FB1-9960-C3C42EF8609A}
		{B4F65814-CEF5-4A23-8FBF-55C62518BFFF} = {8140A7E2-B0C7-4FB1-9960-C3C42EF8609A}
		{EF53CF32-42A0-43C5-988E-085FF10E0B45} = {B4F65814-CEF5-4A23-8FBF-55C62518BFFF}
		{B72B7F62-30F3-4555-BAF1-C20510F9B4C4} = {B4F65814-CEF5-4A23-8FBF-55C62518BFFF}
		{70F33820-3A16-4DD5-987C-F4DA2588B561} = {B72B7F62-30F3-4555-BAF1-C20510F9B4C4}
		{D84BB921-B1ED-446B-BF28-B3C254A15F05} = {B72B7F62-30F3-4555-BAF1-C20510F9B4C4}
		{58A37612-ADF5-4E5A-B918-7DF167CA3BEC} = {B72B7F62-30F3-4555-BAF1-C20510F9B4C4}
		{0488E9A0-A4C0-4CF6-AC7E-CB827D357067} = {727E5007-8D52-483C-BB86-3B3BDC98BC2B}
		{2C30A334-0BF7-42F4-84F7-85A6C2DCACB9} = {727E5007-8D52-483C-BB86-3B3BDC98BC2B}
		{BE7093B7-F106-4DF7-885F-6DE425D11470} = {2C30A334-0BF7-42F4-84F7-85A6C2DCACB9}
		{29CBA70B-4DC7-4536-8E9E-1C7A31D88813} = {2C30A334-0BF7-42F4-84F7-85A6C2DCACB9}
		{6BDAAD98-560F-48FB-A7C8-43CF9E390D41} = {2C30A334-0BF7-42F4-84F7-85A6C2DCACB9}
		{B6CD248D-B5F9-4EF2-BD6A-5DD30FA60623} = {70F33820-3A16-4DD5-987C-F4DA2588B561}
		{CD9FEE31-D073-438E-9283-858CEA7CA6A8} = {D84BB921-B1ED-446B-BF28-B3C254A15F05}
		{BFA88850-04B8-4470-9F75-91225BBE07A8} = {58A37612-ADF5-4E5A-B918-7DF167CA3BEC}
		{FC56B202-B21F-4F0D-9AA9-E87CC7A69841} = {BE7093B7-F106-4DF7-885F-6DE425D11470}
		{CC9B3B90-EA46-4460-A3B4-D4275F84E98B} = {29CBA70B-4DC7-4536-8E9E-1C7A31D88813}
		{60EF0A6C-06BE-4C20-BDCF-E166652AE5FE} = {6BDAAD98-560F-48FB-A7C8-43CF9E390D41}
		{53479D53-D6F6-428A-91F3-109079ABF914} = {5C2E67DA-7A8C-46A2-987C-0FF4A99BA6DA}
		{C76486D4-679C-4594-BFB5-6A011132DC20} = {53479D53-D6F6-428A-91F3-109079ABF914}
		{7C091B00-CCB0-4DE9-8B98-088417238E8B} = {53479D53-D6F6-428A-91F3-109079ABF914}
		{28BC1BD3-032D-448D-870B-247636218185} = {7C091B00-CCB0-4DE9-8B98-088417238E8B}
		{077B2EA0-EF71-4B00-8A75-16335A8EF31C} = {C76486D4-679C-4594-BFB5-6A011132DC20}
		{1C41E8F8-F386-4A6C-9BFD-DE247CB1AD5E} = {C76486D4-679C-4594-BFB5-6A011132DC20}
		{66A8892C-C66F-4864-9D9C-EF547647D5F5} = {7C091B00-CCB0-4DE9-8B98-088417238E8B}
		{FF575B31-38A9-4F97-A305-F8074E500E0F} = {66A8892C-C66F-4864-9D9C-EF547647D5F5}
		{55929138-F0E4-4621-AF85-EBF13315B92A} = {1C41E8F8-F386-4A6C-9BFD-DE247CB1AD5E}
		{701AAB44-8CF5-47AB-9734-8C9EE33A8A25} = {66A8892C-C66F-4864-9D9C-EF547647D5F5}
		{CF8C5EA8-BE23-4E18-A2D6-9B8CF8075A46} = {1C41E8F8-F386-4A6C-9BFD-DE247CB1AD5E}
		{80D802F1-A68D-48AE-85AD-475406C98324} = {66A8892C-C66F-4864-9D9C-EF547647D5F5}
		{DD85CDC2-CCCE-4562-A224-D3CD0F7EAE03} = {1C41E8F8-F386-4A6C-9BFD-DE247CB1AD5E}
		{3F51077C-F66F-49A6-BB8E-F08231F811AA} = {701AAB44-8CF5-47AB-9734-8C9EE33A8A25}
		{E6A9029F-E2C1-4AC4-BE5D-ACE462916BEE} = {FF575B31-38A9-4F97-A305-F8074E500E0F}
		{C7A1E383-1E87-4931-85F3-C038F7B5A130} = {80D802F1-A68D-48AE-85AD-475406C98324}
		{ACCCC9C3-E51B-4D8F-9D00-874B03571307} = {55929138-F0E4-4621-AF85-EBF13315B92A}
		{92A26689-0E7E-491B-AFB5-A5822EA3D222} = {CF8C5EA8-BE23-4E18-A2D6-9B8CF8075A46}
		{98988797-44E4-4F7E-B717-12D215006AA8} = {DD85CDC2-CCCE-4562-A224-D3CD0F7EAE03}
		{6CAFC0C6-A428-4D30-A9F9-700E829FEA51} = {C218CFD1-D316-4F03-B0BD-202773280E72}
	EndGlobalSection
EndGlobal
