
Microsoft Visual Studio Solution File, Format Version 12.00
# Visual Studio 2013
VisualStudioVersion = 12.0.40629.0
MinimumVisualStudioVersion = 10.0.40219.1
Project("{FAE04EC0-301F-11D3-BF4B-00C04F79EFBC}") = "MyDbWebApi", "MyDbWebApi\MyDbWebApi.csproj", "{065C5D3C-7DF3-43C8-BDBA-1896953171FE}"
EndProject
Project("{FAE04EC0-301F-11D3-BF4B-00C04F79EFBC}") = "MyDbWebApi.Net40", "MyDbWebApi.Net40\MyDbWebApi.Net40.csproj", "{1C81D605-AADC-4EDE-B99C-60E544105118}"
EndProject
Project("{2150E333-8FDC-42A3-9474-1A3956D46DE8}") = ".nuget", ".nuget", "{FFFEE5AA-AE83-45EC-A272-C7F6A22FA39A}"
	ProjectSection(SolutionItems) = preProject
		.nuget\NuGet.Config = .nuget\NuGet.Config
		.nuget\NuGet.exe = .nuget\NuGet.exe
		.nuget\NuGet.targets = .nuget\NuGet.targets
	EndProjectSection
EndProject
Project("{2150E333-8FDC-42A3-9474-1A3956D46DE8}") = "Net40", "Net40", "{31A06832-E353-4114-9465-8344BC6E10A6}"
EndProject
Project("{2150E333-8FDC-42A3-9474-1A3956D46DE8}") = "Net45", "Net45", "{B4D79566-39ED-4543-832F-12C5BA8657ED}"
EndProject
Project("{2150E333-8FDC-42A3-9474-1A3956D46DE8}") = "SqlServer", "SqlServer", "{0F34D98A-A238-4948-A6FB-D32C46832219}"
EndProject
Project("{2150E333-8FDC-42A3-9474-1A3956D46DE8}") = "SqlServer", "SqlServer", "{AD36148D-1D50-4F66-BB60-E295BCFD879E}"
EndProject
Project("{2150E333-8FDC-42A3-9474-1A3956D46DE8}") = "Oracle", "Oracle", "{A3C0B923-D1CB-4E54-87E8-604450F3946A}"
EndProject
Project("{2150E333-8FDC-42A3-9474-1A3956D46DE8}") = "Oracle", "Oracle", "{760DFF3B-9B5F-4ED8-B5D3-DD8EF069B73D}"
EndProject
Project("{2150E333-8FDC-42A3-9474-1A3956D46DE8}") = "ODP.NET.Managed", "ODP.NET.Managed", "{59F9D97D-7F8A-40FE-B82B-F9EF0E2852DE}"
EndProject
Project("{2150E333-8FDC-42A3-9474-1A3956D46DE8}") = "ODP.NET.Managed", "ODP.NET.Managed", "{019A026F-29D3-44C5-BB56-1416829399BB}"
EndProject
Project("{2150E333-8FDC-42A3-9474-1A3956D46DE8}") = "ODP.NET", "ODP.NET", "{A5C11C93-3E4B-485F-872C-F1459320D12D}"
EndProject
Project("{2150E333-8FDC-42A3-9474-1A3956D46DE8}") = "ODP.NET", "ODP.NET", "{255F490D-AA06-4A7E-83D5-A36E7134FBA0}"
EndProject
Project("{2150E333-8FDC-42A3-9474-1A3956D46DE8}") = "DataDirect", "DataDirect", "{0903B10C-AC60-45B3-8329-949599B87175}"
EndProject
Project("{2150E333-8FDC-42A3-9474-1A3956D46DE8}") = "DataDirect", "DataDirect", "{EA98824C-1119-49A6-AD02-4B07208A1F76}"
EndProject
Project("{FAE04EC0-301F-11D3-BF4B-00C04F79EFBC}") = "MyDbWebApi.Oracle.Managed", "MyDbWebApi\MyDbWebApi.Oracle.Managed.csproj", "{B6CD248D-B5F9-4EF2-BD6A-5DD30FA60623}"
EndProject
Project("{FAE04EC0-301F-11D3-BF4B-00C04F79EFBC}") = "MyDbWebApi.Oracle.ODP", "MyDbWebApi\MyDbWebApi.Oracle.ODP.csproj", "{CD9FEE31-D073-438E-9283-858CEA7CA6A8}"
EndProject
Project("{FAE04EC0-301F-11D3-BF4B-00C04F79EFBC}") = "MyDbWebApi.Oracle.DataDirect", "MyDbWebApi\MyDbWebApi.Oracle.DataDirect.csproj", "{BFA88850-04B8-4470-9F75-91225BBE07A8}"
EndProject
Project("{FAE04EC0-301F-11D3-BF4B-00C04F79EFBC}") = "MyDbWebApi.Net40.Oracle.Managed", "MyDbWebApi.Net40\MyDbWebApi.Net40.Oracle.Managed.csproj", "{FC56B202-B21F-4F0D-9AA9-E87CC7A69841}"
EndProject
Project("{FAE04EC0-301F-11D3-BF4B-00C04F79EFBC}") = "MyDbWebApi.Net40.Oracle.ODP", "MyDbWebApi.Net40\MyDbWebApi.Net40.Oracle.ODP.csproj", "{CC9B3B90-EA46-4460-A3B4-D4275F84E98B}"
EndProject
Project("{FAE04EC0-301F-11D3-BF4B-00C04F79EFBC}") = "MyDbWebApi.Net40.Oracle.DataDirect", "MyDbWebApi.Net40\MyDbWebApi.Net40.Oracle.DataDirect.csproj", "{60EF0A6C-06BE-4C20-BDCF-E166652AE5FE}"
EndProject
Project("{2150E333-8FDC-42A3-9474-1A3956D46DE8}") = "Owin", "Owin", "{9BDEBE4E-22A6-47E1-A87E-1FFD02E58BF4}"
EndProject
Project("{2150E333-8FDC-42A3-9474-1A3956D46DE8}") = "SqlServer", "SqlServer", "{4EEA9D63-79CC-4D74-AE5B-260AC13A1460}"
EndProject
Project("{2150E333-8FDC-42A3-9474-1A3956D46DE8}") = "Oracle", "Oracle", "{20870B08-B1F0-4CC1-84AC-101952FDD30F}"
EndProject
Project("{2150E333-8FDC-42A3-9474-1A3956D46DE8}") = "DataDirect", "DataDirect", "{44A8E6CF-421E-42A5-AECE-56BF25B7F053}"
EndProject
Project("{2150E333-8FDC-42A3-9474-1A3956D46DE8}") = "ODP.NET.Unmanaged", "ODP.NET.Unmanaged", "{F8FA4B79-9ECB-40A7-B1AF-F924695E1CA2}"
EndProject
Project("{2150E333-8FDC-42A3-9474-1A3956D46DE8}") = "ODP.NET.Managed", "ODP.NET.Managed", "{DC63ACD4-F7FA-4482-B22B-1432F3F713A7}"
EndProject
Project("{FAE04EC0-301F-11D3-BF4B-00C04F79EFBC}") = "DbWebApi.OwinSample", "DbWebApi.OwinSample\DbWebApi.OwinSample.csproj", "{A329C68D-1884-4113-BBEB-67454E19D9CF}"
EndProject
Project("{FAE04EC0-301F-11D3-BF4B-00C04F79EFBC}") = "DbWebApi.OwinSample.Oracle.DataDirect", "DbWebApi.OwinSample\DbWebApi.OwinSample.Oracle.DataDirect.csproj", "{5FD82C4F-960D-449B-93F1-D319CD5E1668}"
EndProject
Project("{FAE04EC0-301F-11D3-BF4B-00C04F79EFBC}") = "DbWebApi.OwinSample.Oracle.Unmanaged", "DbWebApi.OwinSample\DbWebApi.OwinSample.Oracle.Unmanaged.csproj", "{F468B8D9-97E7-46B5-BD42-E3B20060BA88}"
EndProject
Project("{FAE04EC0-301F-11D3-BF4B-00C04F79EFBC}") = "DbWebApi.OwinSample.Oracle.Managed", "DbWebApi.OwinSample\DbWebApi.OwinSample.Oracle.Managed.csproj", "{A19F0E7A-9E56-4D27-AC2F-48829A1888E9}"
EndProject
Global
	GlobalSection(SolutionConfigurationPlatforms) = preSolution
		Debug|Any CPU = Debug|Any CPU
		Release|Any CPU = Release|Any CPU
	EndGlobalSection
	GlobalSection(ProjectConfigurationPlatforms) = postSolution
		{065C5D3C-7DF3-43C8-BDBA-1896953171FE}.Debug|Any CPU.ActiveCfg = Debug|Any CPU
		{065C5D3C-7DF3-43C8-BDBA-1896953171FE}.Debug|Any CPU.Build.0 = Debug|Any CPU
		{065C5D3C-7DF3-43C8-BDBA-1896953171FE}.Release|Any CPU.ActiveCfg = Release|Any CPU
		{065C5D3C-7DF3-43C8-BDBA-1896953171FE}.Release|Any CPU.Build.0 = Release|Any CPU
		{1C81D605-AADC-4EDE-B99C-60E544105118}.Debug|Any CPU.ActiveCfg = Debug|Any CPU
		{1C81D605-AADC-4EDE-B99C-60E544105118}.Debug|Any CPU.Build.0 = Debug|Any CPU
		{1C81D605-AADC-4EDE-B99C-60E544105118}.Release|Any CPU.ActiveCfg = Release|Any CPU
		{1C81D605-AADC-4EDE-B99C-60E544105118}.Release|Any CPU.Build.0 = Release|Any CPU
		{B6CD248D-B5F9-4EF2-BD6A-5DD30FA60623}.Debug|Any CPU.ActiveCfg = Debug|Any CPU
		{B6CD248D-B5F9-4EF2-BD6A-5DD30FA60623}.Debug|Any CPU.Build.0 = Debug|Any CPU
		{B6CD248D-B5F9-4EF2-BD6A-5DD30FA60623}.Release|Any CPU.ActiveCfg = Release|Any CPU
		{B6CD248D-B5F9-4EF2-BD6A-5DD30FA60623}.Release|Any CPU.Build.0 = Release|Any CPU
		{CD9FEE31-D073-438E-9283-858CEA7CA6A8}.Debug|Any CPU.ActiveCfg = Debug|Any CPU
		{CD9FEE31-D073-438E-9283-858CEA7CA6A8}.Debug|Any CPU.Build.0 = Debug|Any CPU
		{CD9FEE31-D073-438E-9283-858CEA7CA6A8}.Release|Any CPU.ActiveCfg = Release|Any CPU
		{CD9FEE31-D073-438E-9283-858CEA7CA6A8}.Release|Any CPU.Build.0 = Release|Any CPU
		{BFA88850-04B8-4470-9F75-91225BBE07A8}.Debug|Any CPU.ActiveCfg = Debug|Any CPU
		{BFA88850-04B8-4470-9F75-91225BBE07A8}.Debug|Any CPU.Build.0 = Debug|Any CPU
		{BFA88850-04B8-4470-9F75-91225BBE07A8}.Release|Any CPU.ActiveCfg = Release|Any CPU
		{BFA88850-04B8-4470-9F75-91225BBE07A8}.Release|Any CPU.Build.0 = Release|Any CPU
		{FC56B202-B21F-4F0D-9AA9-E87CC7A69841}.Debug|Any CPU.ActiveCfg = Debug|Any CPU
		{FC56B202-B21F-4F0D-9AA9-E87CC7A69841}.Debug|Any CPU.Build.0 = Debug|Any CPU
		{FC56B202-B21F-4F0D-9AA9-E87CC7A69841}.Release|Any CPU.ActiveCfg = Release|Any CPU
		{FC56B202-B21F-4F0D-9AA9-E87CC7A69841}.Release|Any CPU.Build.0 = Release|Any CPU
		{CC9B3B90-EA46-4460-A3B4-D4275F84E98B}.Debug|Any CPU.ActiveCfg = Debug|Any CPU
		{CC9B3B90-EA46-4460-A3B4-D4275F84E98B}.Debug|Any CPU.Build.0 = Debug|Any CPU
		{CC9B3B90-EA46-4460-A3B4-D4275F84E98B}.Release|Any CPU.ActiveCfg = Release|Any CPU
		{CC9B3B90-EA46-4460-A3B4-D4275F84E98B}.Release|Any CPU.Build.0 = Release|Any CPU
		{60EF0A6C-06BE-4C20-BDCF-E166652AE5FE}.Debug|Any CPU.ActiveCfg = Debug|Any CPU
		{60EF0A6C-06BE-4C20-BDCF-E166652AE5FE}.Debug|Any CPU.Build.0 = Debug|Any CPU
		{60EF0A6C-06BE-4C20-BDCF-E166652AE5FE}.Release|Any CPU.ActiveCfg = Release|Any CPU
		{60EF0A6C-06BE-4C20-BDCF-E166652AE5FE}.Release|Any CPU.Build.0 = Release|Any CPU
		{A329C68D-1884-4113-BBEB-67454E19D9CF}.Debug|Any CPU.ActiveCfg = Debug|Any CPU
		{A329C68D-1884-4113-BBEB-67454E19D9CF}.Debug|Any CPU.Build.0 = Debug|Any CPU
		{A329C68D-1884-4113-BBEB-67454E19D9CF}.Release|Any CPU.ActiveCfg = Release|Any CPU
		{A329C68D-1884-4113-BBEB-67454E19D9CF}.Release|Any CPU.Build.0 = Release|Any CPU
		{5FD82C4F-960D-449B-93F1-D319CD5E1668}.Debug|Any CPU.ActiveCfg = Debug|Any CPU
		{5FD82C4F-960D-449B-93F1-D319CD5E1668}.Debug|Any CPU.Build.0 = Debug|Any CPU
		{5FD82C4F-960D-449B-93F1-D319CD5E1668}.Release|Any CPU.ActiveCfg = Release|Any CPU
		{5FD82C4F-960D-449B-93F1-D319CD5E1668}.Release|Any CPU.Build.0 = Release|Any CPU
		{F468B8D9-97E7-46B5-BD42-E3B20060BA88}.Debug|Any CPU.ActiveCfg = Debug|Any CPU
		{F468B8D9-97E7-46B5-BD42-E3B20060BA88}.Debug|Any CPU.Build.0 = Debug|Any CPU
		{F468B8D9-97E7-46B5-BD42-E3B20060BA88}.Release|Any CPU.ActiveCfg = Release|Any CPU
		{F468B8D9-97E7-46B5-BD42-E3B20060BA88}.Release|Any CPU.Build.0 = Release|Any CPU
		{A19F0E7A-9E56-4D27-AC2F-48829A1888E9}.Debug|Any CPU.ActiveCfg = Debug|Any CPU
		{A19F0E7A-9E56-4D27-AC2F-48829A1888E9}.Debug|Any CPU.Build.0 = Debug|Any CPU
		{A19F0E7A-9E56-4D27-AC2F-48829A1888E9}.Release|Any CPU.ActiveCfg = Release|Any CPU
		{A19F0E7A-9E56-4D27-AC2F-48829A1888E9}.Release|Any CPU.Build.0 = Release|Any CPU
	EndGlobalSection
	GlobalSection(SolutionProperties) = preSolution
		HideSolutionNode = FALSE
	EndGlobalSection
	GlobalSection(NestedProjects) = preSolution
		{065C5D3C-7DF3-43C8-BDBA-1896953171FE} = {AD36148D-1D50-4F66-BB60-E295BCFD879E}
		{1C81D605-AADC-4EDE-B99C-60E544105118} = {0F34D98A-A238-4948-A6FB-D32C46832219}
		{0F34D98A-A238-4948-A6FB-D32C46832219} = {31A06832-E353-4114-9465-8344BC6E10A6}
		{AD36148D-1D50-4F66-BB60-E295BCFD879E} = {B4D79566-39ED-4543-832F-12C5BA8657ED}
		{A3C0B923-D1CB-4E54-87E8-604450F3946A} = {31A06832-E353-4114-9465-8344BC6E10A6}
		{760DFF3B-9B5F-4ED8-B5D3-DD8EF069B73D} = {B4D79566-39ED-4543-832F-12C5BA8657ED}
		{59F9D97D-7F8A-40FE-B82B-F9EF0E2852DE} = {760DFF3B-9B5F-4ED8-B5D3-DD8EF069B73D}
		{019A026F-29D3-44C5-BB56-1416829399BB} = {A3C0B923-D1CB-4E54-87E8-604450F3946A}
		{A5C11C93-3E4B-485F-872C-F1459320D12D} = {A3C0B923-D1CB-4E54-87E8-604450F3946A}
		{255F490D-AA06-4A7E-83D5-A36E7134FBA0} = {760DFF3B-9B5F-4ED8-B5D3-DD8EF069B73D}
		{0903B10C-AC60-45B3-8329-949599B87175} = {760DFF3B-9B5F-4ED8-B5D3-DD8EF069B73D}
		{EA98824C-1119-49A6-AD02-4B07208A1F76} = {A3C0B923-D1CB-4E54-87E8-604450F3946A}
		{B6CD248D-B5F9-4EF2-BD6A-5DD30FA60623} = {59F9D97D-7F8A-40FE-B82B-F9EF0E2852DE}
		{CD9FEE31-D073-438E-9283-858CEA7CA6A8} = {255F490D-AA06-4A7E-83D5-A36E7134FBA0}
		{BFA88850-04B8-4470-9F75-91225BBE07A8} = {0903B10C-AC60-45B3-8329-949599B87175}
		{FC56B202-B21F-4F0D-9AA9-E87CC7A69841} = {019A026F-29D3-44C5-BB56-1416829399BB}
		{CC9B3B90-EA46-4460-A3B4-D4275F84E98B} = {A5C11C93-3E4B-485F-872C-F1459320D12D}
		{60EF0A6C-06BE-4C20-BDCF-E166652AE5FE} = {EA98824C-1119-49A6-AD02-4B07208A1F76}
		{4EEA9D63-79CC-4D74-AE5B-260AC13A1460} = {9BDEBE4E-22A6-47E1-A87E-1FFD02E58BF4}
		{20870B08-B1F0-4CC1-84AC-101952FDD30F} = {9BDEBE4E-22A6-47E1-A87E-1FFD02E58BF4}
		{44A8E6CF-421E-42A5-AECE-56BF25B7F053} = {20870B08-B1F0-4CC1-84AC-101952FDD30F}
		{F8FA4B79-9ECB-40A7-B1AF-F924695E1CA2} = {20870B08-B1F0-4CC1-84AC-101952FDD30F}
		{DC63ACD4-F7FA-4482-B22B-1432F3F713A7} = {20870B08-B1F0-4CC1-84AC-101952FDD30F}
		{A329C68D-1884-4113-BBEB-67454E19D9CF} = {4EEA9D63-79CC-4D74-AE5B-260AC13A1460}
		{5FD82C4F-960D-449B-93F1-D319CD5E1668} = {44A8E6CF-421E-42A5-AECE-56BF25B7F053}
		{F468B8D9-97E7-46B5-BD42-E3B20060BA88} = {F8FA4B79-9ECB-40A7-B1AF-F924695E1CA2}
		{A19F0E7A-9E56-4D27-AC2F-48829A1888E9} = {DC63ACD4-F7FA-4482-B22B-1432F3F713A7}
	EndGlobalSection
EndGlobal
