
Microsoft Visual Studio Solution File, Format Version 12.00
# Visual Studio 2010
Project("{FAE04EC0-301F-11D3-BF4B-00C04F79EFBC}") = "MyDbWebApi.Net40", "MyDbWebApi.Net40\MyDbWebApi.Net40.csproj", "{1C81D605-AADC-4EDE-B99C-60E544105118}"
EndProject
Project("{2150E333-8FDC-42A3-9474-1A3956D46DE8}") = ".nuget", ".nuget", "{FFFEE5AA-AE83-45EC-A272-C7F6A22FA39A}"
	ProjectSection(SolutionItems) = preProject
		.nuget\NuGet.Config = .nuget\NuGet.Config
		.nuget\NuGet.exe = .nuget\NuGet.exe
		.nuget\NuGet.targets = .nuget\NuGet.targets
	EndProjectSection
EndProject
Project("{2150E333-8FDC-42A3-9474-1A3956D46DE8}") = "Net40", "Net40", "{31A06832-E353-4114-9465-8344BC6E10A6}"
EndProject
Project("{2150E333-8FDC-42A3-9474-1A3956D46DE8}") = "SqlServer", "SqlServer", "{0F34D98A-A238-4948-A6FB-D32C46832219}"
EndProject
Project("{2150E333-8FDC-42A3-9474-1A3956D46DE8}") = "Oracle", "Oracle", "{A3C0B923-D1CB-4E54-87E8-604450F3946A}"
EndProject
Project("{2150E333-8FDC-42A3-9474-1A3956D46DE8}") = "ODP.NET.Managed", "ODP.NET.Managed", "{019A026F-29D3-44C5-BB56-1416829399BB}"
EndProject
Project("{2150E333-8FDC-42A3-9474-1A3956D46DE8}") = "ODP.NET", "ODP.NET", "{A5C11C93-3E4B-485F-872C-F1459320D12D}"
EndProject
Project("{2150E333-8FDC-42A3-9474-1A3956D46DE8}") = "DataDirect", "DataDirect", "{EA98824C-1119-49A6-AD02-4B07208A1F76}"
EndProject
Project("{FAE04EC0-301F-11D3-BF4B-00C04F79EFBC}") = "MyDbWebApi.Net40.Oracle.Managed", "MyDbWebApi.Net40\MyDbWebApi.Net40.Oracle.Managed.csproj", "{FC56B202-B21F-4F0D-9AA9-E87CC7A69841}"
EndProject
Project("{FAE04EC0-301F-11D3-BF4B-00C04F79EFBC}") = "MyDbWebApi.Net40.Oracle.ODP", "MyDbWebApi.Net40\MyDbWebApi.Net40.Oracle.ODP.csproj", "{CC9B3B90-EA46-4460-A3B4-D4275F84E98B}"
EndProject
Project("{FAE04EC0-301F-11D3-BF4B-00C04F79EFBC}") = "MyDbWebApi.Net40.Oracle.DataDirect", "MyDbWebApi.Net40\MyDbWebApi.Net40.Oracle.DataDirect.csproj", "{60EF0A6C-06BE-4C20-BDCF-E166652AE5FE}"
EndProject
Global
	GlobalSection(SolutionConfigurationPlatforms) = preSolution
		Debug|Any CPU = Debug|Any CPU
		Release|Any CPU = Release|Any CPU
	EndGlobalSection
	GlobalSection(ProjectConfigurationPlatforms) = postSolution
		{1C81D605-AADC-4EDE-B99C-60E544105118}.Debug|Any CPU.ActiveCfg = Debug|Any CPU
		{1C81D605-AADC-4EDE-B99C-60E544105118}.Debug|Any CPU.Build.0 = Debug|Any CPU
		{1C81D605-AADC-4EDE-B99C-60E544105118}.Release|Any CPU.ActiveCfg = Release|Any CPU
		{1C81D605-AADC-4EDE-B99C-60E544105118}.Release|Any CPU.Build.0 = Release|Any CPU
		{FC56B202-B21F-4F0D-9AA9-E87CC7A69841}.Debug|Any CPU.ActiveCfg = Debug|Any CPU
		{FC56B202-B21F-4F0D-9AA9-E87CC7A69841}.Debug|Any CPU.Build.0 = Debug|Any CPU
		{FC56B202-B21F-4F0D-9AA9-E87CC7A69841}.Release|Any CPU.ActiveCfg = Release|Any CPU
		{FC56B202-B21F-4F0D-9AA9-E87CC7A69841}.Release|Any CPU.Build.0 = Release|Any CPU
		{CC9B3B90-EA46-4460-A3B4-D4275F84E98B}.Debug|Any CPU.ActiveCfg = Debug|Any CPU
		{CC9B3B90-EA46-4460-A3B4-D4275F84E98B}.Debug|Any CPU.Build.0 = Debug|Any CPU
		{CC9B3B90-EA46-4460-A3B4-D4275F84E98B}.Release|Any CPU.ActiveCfg = Release|Any CPU
		{CC9B3B90-EA46-4460-A3B4-D4275F84E98B}.Release|Any CPU.Build.0 = Release|Any CPU
		{60EF0A6C-06BE-4C20-BDCF-E166652AE5FE}.Debug|Any CPU.ActiveCfg = Debug|Any CPU
		{60EF0A6C-06BE-4C20-BDCF-E166652AE5FE}.Debug|Any CPU.Build.0 = Debug|Any CPU
		{60EF0A6C-06BE-4C20-BDCF-E166652AE5FE}.Release|Any CPU.ActiveCfg = Release|Any CPU
		{60EF0A6C-06BE-4C20-BDCF-E166652AE5FE}.Release|Any CPU.Build.0 = Release|Any CPU
	EndGlobalSection
	GlobalSection(SolutionProperties) = preSolution
		HideSolutionNode = FALSE
	EndGlobalSection
	GlobalSection(NestedProjects) = preSolution
		{0F34D98A-A238-4948-A6FB-D32C46832219} = {31A06832-E353-4114-9465-8344BC6E10A6}
		{A3C0B923-D1CB-4E54-87E8-604450F3946A} = {31A06832-E353-4114-9465-8344BC6E10A6}
		{1C81D605-AADC-4EDE-B99C-60E544105118} = {0F34D98A-A238-4948-A6FB-D32C46832219}
		{019A026F-29D3-44C5-BB56-1416829399BB} = {A3C0B923-D1CB-4E54-87E8-604450F3946A}
		{A5C11C93-3E4B-485F-872C-F1459320D12D} = {A3C0B923-D1CB-4E54-87E8-604450F3946A}
		{EA98824C-1119-49A6-AD02-4B07208A1F76} = {A3C0B923-D1CB-4E54-87E8-604450F3946A}
		{FC56B202-B21F-4F0D-9AA9-E87CC7A69841} = {019A026F-29D3-44C5-BB56-1416829399BB}
		{CC9B3B90-EA46-4460-A3B4-D4275F84E98B} = {A5C11C93-3E4B-485F-872C-F1459320D12D}
		{60EF0A6C-06BE-4C20-BDCF-E166652AE5FE} = {EA98824C-1119-49A6-AD02-4B07208A1F76}
	EndGlobalSection
EndGlobal
